
Microsoft Visual Studio Solution File, Format Version 12.00
# Visual Studio 15
VisualStudioVersion = 15.0.27428.2015
MinimumVisualStudioVersion = 10.0.40219.1
Project("{FAE04EC0-301F-11D3-BF4B-00C04F79EFBC}") = "MultiplicationTables", "MultiplicationTables\MultiplicationTables.csproj", "{DC7C5DB4-F988-4D69-BD93-D73E48DB8D8B}"
EndProject
Global
	GlobalSection(SolutionConfigurationPlatforms) = preSolution
		Debug|Any CPU = Debug|Any CPU
		Release|Any CPU = Release|Any CPU
	EndGlobalSection
	GlobalSection(ProjectConfigurationPlatforms) = postSolution
		{DC7C5DB4-F988-4D69-BD93-D73E48DB8D8B}.Debug|Any CPU.ActiveCfg = Debug|Any CPU
		{DC7C5DB4-F988-4D69-BD93-D73E48DB8D8B}.Debug|Any CPU.Build.0 = Debug|Any CPU
		{DC7C5DB4-F988-4D69-BD93-D73E48DB8D8B}.Release|Any CPU.ActiveCfg = Release|Any CPU
		{DC7C5DB4-F988-4D69-BD93-D73E48DB8D8B}.Release|Any CPU.Build.0 = Release|Any CPU
	EndGlobalSection
	GlobalSection(SolutionProperties) = preSolution
		HideSolutionNode = FALSE
	EndGlobalSection
	GlobalSection(ExtensibilityGlobals) = postSolution
		SolutionGuid = {D6EA2A8C-C965-43BD-8600-C80E307DF410}
	EndGlobalSection
EndGlobal
